{
  "version": 4,
  "terraform_version": "0.12.1",
  "serial": 24,
  "lineage": "4bee198c-242e-20d0-3437-6a4400ac3373",
  "outputs": {
    "app_external_ip": {
      "value": "34.66.5.14",
      "type": "string"
    }
  },
  "resources": [
    {
      "module": "module.app",
      "mode": "managed",
      "type": "google_compute_address",
      "name": "app_ip",
      "provider": "provider.google",
      "instances": [
        {
          "schema_version": 0,
          "attributes": {
            "address": "34.66.5.14",
            "address_type": "EXTERNAL",
            "creation_timestamp": "2019-06-14T06:22:38.233-07:00",
            "description": "",
            "id": "infra-243408/us-central1/reddit-app-ip",
            "name": "reddit-app-ip",
            "network_tier": "PREMIUM",
            "project": "infra-243408",
            "region": "us-central1",
            "self_link": "https://www.googleapis.com/compute/v1/projects/infra-243408/regions/us-central1/addresses/reddit-app-ip",
            "subnetwork": "",
            "timeouts": null,
            "users": [
              "https://www.googleapis.com/compute/v1/projects/infra-243408/zones/us-central1-a/instances/reddit-app"
            ]
          }
        }
      ]
    },
    {
      "module": "module.db",
      "mode": "managed",
      "type": "google_compute_firewall",
      "name": "firewall_mongo",
      "provider": "provider.google",
      "instances": [
        {
          "schema_version": 1,
          "attributes": {
            "allow": [
              {
                "ports": [
                  "27017"
                ],
                "protocol": "tcp"
              }
            ],
            "creation_timestamp": "2019-06-14T06:22:38.400-07:00",
            "deny": [],
            "description": "",
            "destination_ranges": [],
            "direction": "INGRESS",
            "disabled": false,
            "id": "allow-mongo-default",
            "name": "allow-mongo-default",
            "network": "https://www.googleapis.com/compute/v1/projects/infra-243408/global/networks/default",
            "priority": 1000,
            "project": "infra-243408",
            "self_link": "https://www.googleapis.com/compute/v1/projects/infra-243408/global/firewalls/allow-mongo-default",
            "source_ranges": [],
            "source_service_accounts": [],
            "source_tags": [
              "reddit-app"
            ],
            "target_service_accounts": [],
            "target_tags": [
              "reddit-db"
            ],
            "timeouts": null
          }
        }
      ]
    },
    {
      "module": "module.app",
      "mode": "managed",
      "type": "google_compute_firewall",
      "name": "firewall_puma",
      "provider": "provider.google",
      "instances": [
        {
          "schema_version": 1,
          "attributes": {
            "allow": [
              {
                "ports": [
                  "9292"
                ],
                "protocol": "tcp"
              }
            ],
            "creation_timestamp": "2019-06-14T06:22:38.260-07:00",
            "deny": [],
            "description": "",
            "destination_ranges": [],
            "direction": "INGRESS",
            "disabled": false,
            "id": "allow-puma-default",
            "name": "allow-puma-default",
            "network": "https://www.googleapis.com/compute/v1/projects/infra-243408/global/networks/default",
            "priority": 1000,
            "project": "infra-243408",
            "self_link": "https://www.googleapis.com/compute/v1/projects/infra-243408/global/firewalls/allow-puma-default",
            "source_ranges": [
              "0.0.0.0/0"
            ],
            "source_service_accounts": [],
            "source_tags": [],
            "target_service_accounts": [],
            "target_tags": [
              "reddit-app"
            ],
            "timeouts": null
          }
        }
      ]
    },
    {
      "module": "module.vpc",
      "mode": "managed",
      "type": "google_compute_firewall",
      "name": "firewall_ssh",
      "provider": "provider.google",
      "instances": [
        {
          "schema_version": 1,
          "attributes": {
            "allow": [
              {
                "ports": [
                  "22"
                ],
                "protocol": "tcp"
              }
            ],
            "creation_timestamp": "2019-06-14T06:22:38.256-07:00",
            "deny": [],
            "description": "",
            "destination_ranges": [],
            "direction": "INGRESS",
            "disabled": false,
            "id": "allow-ssh-default",
            "name": "allow-ssh-default",
            "network": "https://www.googleapis.com/compute/v1/projects/infra-243408/global/networks/default",
            "priority": 1000,
            "project": "infra-243408",
            "self_link": "https://www.googleapis.com/compute/v1/projects/infra-243408/global/firewalls/allow-ssh-default",
            "source_ranges": [
              "0.0.0.0/0"
            ],
            "source_service_accounts": [],
            "source_tags": [],
            "target_service_accounts": [],
            "target_tags": [],
            "timeouts": null
          }
        }
      ]
    },
    {
      "module": "module.app",
      "mode": "managed",
      "type": "google_compute_instance",
      "name": "app",
      "provider": "provider.google",
      "instances": [
        {
          "schema_version": 6,
          "attributes": {
            "allow_stopping_for_update": null,
            "attached_disk": [],
            "boot_disk": [
              {
                "auto_delete": true,
                "device_name": "persistent-disk-0",
                "disk_encryption_key_raw": "",
                "disk_encryption_key_sha256": "",
                "initialize_params": [
                  {
                    "image": "https://www.googleapis.com/compute/v1/projects/infra-243408/global/images/reddit-app",
                    "size": 10,
                    "type": "pd-standard"
                  }
                ],
                "kms_key_self_link": "",
                "source": "https://www.googleapis.com/compute/v1/projects/infra-243408/zones/us-central1-a/disks/reddit-app"
              }
            ],
            "can_ip_forward": false,
            "cpu_platform": "Intel Haswell",
            "deletion_protection": false,
            "description": null,
            "disk": [],
            "guest_accelerator": [],
            "hostname": "",
            "id": "reddit-app",
            "instance_id": "4609083824506020172",
            "label_fingerprint": "42WmSpB8rSM=",
            "labels": {},
            "machine_type": "g1-small",
            "metadata": {
              "ssh-keys": "appuser:-----BEGIN RSA PRIVATE KEY-----\nMIIEpQIBAAKCAQEAqBWcnVyUhebbAlRz0b+3Qz/bBFqEYhGSZ7VO4QKqmS85p+Qj\nzrUJhzlcjbsb2R6V5BBKXGh5vOKhwTgLGqVPG7Xfr89YrDhbfAAyx7+w6x9MyRxY\n4jfaV9i27FKjdNfuOgOWX0JvVtdeibz9sJlY1FI9cj7I3ufnPyWJNtrKNUlAR7n/\nzo+C7kLjvPDYPfolFtDE3HRspNW7MuDd6BEAzFX9TPVUEUFitasWE07QuZ710uQ3\nETjgS8hHCWy0YrOVxyF+lXkn/xsrONf2uPVT3+9EAURAkIe6RT2iW0uHJYhX31Ch\nxIURKn9ZCHc2TNvk5zTgzwykyx/wUt2Fnx0hzwIDAQABAoIBADbHBElMWKLiv1Ed\nELm0jxb9gnUCws3rCBmAPvqZkdtmRpXuhbThzv8gtIcECWlSzGqM3I8NBU+HVEvR\n5dyDLyrKtOFo428M1tOshOAQGqolgzKvaFAg/6lNWR/fNqHnlR2W+bSFxB87BPZC\nfzLEZuya+Kd4yqHKVdSAeR1FZEzE0U8W85ZOsiVquc1t5j0C7t48dokY3XhWBrln\ntDqGTkOmtm2onV4phNXywqepusz5H4Rs7xIs9CX13LqQg9bKY/1rRPzSDC3iz2Jd\ns2GnzpIT5shs9ZE0epHc1y5uzYxaZW/iTw9l2aDWERVmNDZnEpZatbPVq9dFtahU\nemBxU0ECgYEA1AubgL8iIbgjR5necufdrh5468OyeEJwuq1IA+Uzz/gIU0uMY+G2\n+jsQIleMygYzT93CPReH5FGkj7k2/vi6YKyhaMb5O6YJzexZGX4/cYRh+zn8f9tZ\nbWsdxwOHR77weSNfDWXOzK98+ZKCx2zyqIZIzUztMaYVABeYI+8oW1ECgYEAyu0s\n3yBGwURaQWZp3+txyJTqBZIQh2p6ryqwZZM3/QBy2BmJmaLuvn9z2Jd7tbzwO6t8\nBbuBx2s9mQ4glZAol15BP7urRvCh+VgiEgxJMPCthEYSoVmbL1yvPxmnk7iszOU6\nG761xpgE9n4XB55nRS7spp6iJoq9ELannI1eIx8CgYEAzAIi6Vp67zAnGUNLxweX\nu2br9gEBWzypEqGWsNC66bL754+/EXXfQp7CphfPh6sxgPydXYOfJab7CaAr7mHF\nhy9v18vfjGjx8+IZ0zIovgGc90VRzn1ua5xsOMYHSJrG5/WFBPHXZgzM050HH/GN\nAWC4+HSznFnqyHzqzl/RVxECgYEAwvJ3WSO41ZLE4m9w5x1ZgkkNSay5FF7G3eE0\n9WApOXVk3xYpit9sXLY0pK9iuYV5hNmJnDg2xU3RL2jTBNwpIsH6DTBNqykhclmo\n4Y3MAqg1Cg4Hd9qNq0JvWT9cLh4MZAsTd/QOzWrd2a/oj/ktXNlnn+pl/IDsgVH4\nU/27oiECgYEAyvtytFUfbQCwK+lnGE75+FCglsEXQz0TZJGg+XvvTmw1ywwXwRIM\nxLwd78gItO/LNo8JJpOJJqS2JOqhLNRjgaR8dqk0A2YIlL0w9acQgSLvAIFzoviJ\nTbjmJIDebLMNp2XMS9G6D8b4R3t7HoDqLxAkCECkwxpL5AiZpIxdoas=\n-----END RSA PRIVATE KEY-----\n"
            },
            "metadata_fingerprint": "tiLd6FnW1rs=",
            "metadata_startup_script": "",
            "min_cpu_platform": "",
            "name": "reddit-app",
            "network_interface": [
              {
                "access_config": [
                  {
                    "assigned_nat_ip": "",
                    "nat_ip": "34.66.5.14",
                    "network_tier": "PREMIUM",
                    "public_ptr_domain_name": ""
                  }
                ],
                "address": "",
                "alias_ip_range": [],
                "name": "nic0",
                "network": "https://www.googleapis.com/compute/v1/projects/infra-243408/global/networks/default",
                "network_ip": "10.128.0.44",
                "subnetwork": "https://www.googleapis.com/compute/v1/projects/infra-243408/regions/us-central1/subnetworks/default",
                "subnetwork_project": "infra-243408"
              }
            ],
            "project": "infra-243408",
            "scheduling": [
              {
                "automatic_restart": true,
                "node_affinities": [],
                "on_host_maintenance": "MIGRATE",
                "preemptible": false
              }
            ],
            "scratch_disk": [],
            "self_link": "https://www.googleapis.com/compute/v1/projects/infra-243408/zones/us-central1-a/instances/reddit-app",
            "service_account": [],
            "shielded_instance_config": [],
            "tags": [
              "reddit-app"
            ],
            "tags_fingerprint": "M-ggixIz-AU=",
            "timeouts": null,
            "zone": "us-central1-a"
          },
          "depends_on": [
            "google_compute_address.app_ip"
          ]
        }
      ]
    },
    {
      "module": "module.db",
      "mode": "managed",
      "type": "google_compute_instance",
      "name": "db",
      "provider": "provider.google",
      "instances": [
        {
          "schema_version": 6,
          "attributes": {
            "allow_stopping_for_update": null,
            "attached_disk": [],
            "boot_disk": [
              {
                "auto_delete": true,
                "device_name": "persistent-disk-0",
                "disk_encryption_key_raw": "",
                "disk_encryption_key_sha256": "",
                "initialize_params": [
                  {
                    "image": "https://www.googleapis.com/compute/v1/projects/infra-243408/global/images/reddit-db-1560516266",
                    "size": 10,
                    "type": "pd-standard"
                  }
                ],
                "kms_key_self_link": "",
                "source": "https://www.googleapis.com/compute/v1/projects/infra-243408/zones/us-central1-a/disks/reddit-db"
              }
            ],
            "can_ip_forward": false,
            "cpu_platform": "Intel Haswell",
            "deletion_protection": false,
            "description": null,
            "disk": [],
            "guest_accelerator": [],
            "hostname": "",
            "id": "reddit-db",
            "instance_id": "4637666797501161149",
            "label_fingerprint": "42WmSpB8rSM=",
            "labels": null,
            "machine_type": "g1-small",
            "metadata": {
              "ssh-keys": "appuser:-----BEGIN RSA PRIVATE KEY-----\nMIIEpQIBAAKCAQEAqBWcnVyUhebbAlRz0b+3Qz/bBFqEYhGSZ7VO4QKqmS85p+Qj\nzrUJhzlcjbsb2R6V5BBKXGh5vOKhwTgLGqVPG7Xfr89YrDhbfAAyx7+w6x9MyRxY\n4jfaV9i27FKjdNfuOgOWX0JvVtdeibz9sJlY1FI9cj7I3ufnPyWJNtrKNUlAR7n/\nzo+C7kLjvPDYPfolFtDE3HRspNW7MuDd6BEAzFX9TPVUEUFitasWE07QuZ710uQ3\nETjgS8hHCWy0YrOVxyF+lXkn/xsrONf2uPVT3+9EAURAkIe6RT2iW0uHJYhX31Ch\nxIURKn9ZCHc2TNvk5zTgzwykyx/wUt2Fnx0hzwIDAQABAoIBADbHBElMWKLiv1Ed\nELm0jxb9gnUCws3rCBmAPvqZkdtmRpXuhbThzv8gtIcECWlSzGqM3I8NBU+HVEvR\n5dyDLyrKtOFo428M1tOshOAQGqolgzKvaFAg/6lNWR/fNqHnlR2W+bSFxB87BPZC\nfzLEZuya+Kd4yqHKVdSAeR1FZEzE0U8W85ZOsiVquc1t5j0C7t48dokY3XhWBrln\ntDqGTkOmtm2onV4phNXywqepusz5H4Rs7xIs9CX13LqQg9bKY/1rRPzSDC3iz2Jd\ns2GnzpIT5shs9ZE0epHc1y5uzYxaZW/iTw9l2aDWERVmNDZnEpZatbPVq9dFtahU\nemBxU0ECgYEA1AubgL8iIbgjR5necufdrh5468OyeEJwuq1IA+Uzz/gIU0uMY+G2\n+jsQIleMygYzT93CPReH5FGkj7k2/vi6YKyhaMb5O6YJzexZGX4/cYRh+zn8f9tZ\nbWsdxwOHR77weSNfDWXOzK98+ZKCx2zyqIZIzUztMaYVABeYI+8oW1ECgYEAyu0s\n3yBGwURaQWZp3+txyJTqBZIQh2p6ryqwZZM3/QBy2BmJmaLuvn9z2Jd7tbzwO6t8\nBbuBx2s9mQ4glZAol15BP7urRvCh+VgiEgxJMPCthEYSoVmbL1yvPxmnk7iszOU6\nG761xpgE9n4XB55nRS7spp6iJoq9ELannI1eIx8CgYEAzAIi6Vp67zAnGUNLxweX\nu2br9gEBWzypEqGWsNC66bL754+/EXXfQp7CphfPh6sxgPydXYOfJab7CaAr7mHF\nhy9v18vfjGjx8+IZ0zIovgGc90VRzn1ua5xsOMYHSJrG5/WFBPHXZgzM050HH/GN\nAWC4+HSznFnqyHzqzl/RVxECgYEAwvJ3WSO41ZLE4m9w5x1ZgkkNSay5FF7G3eE0\n9WApOXVk3xYpit9sXLY0pK9iuYV5hNmJnDg2xU3RL2jTBNwpIsH6DTBNqykhclmo\n4Y3MAqg1Cg4Hd9qNq0JvWT9cLh4MZAsTd/QOzWrd2a/oj/ktXNlnn+pl/IDsgVH4\nU/27oiECgYEAyvtytFUfbQCwK+lnGE75+FCglsEXQz0TZJGg+XvvTmw1ywwXwRIM\nxLwd78gItO/LNo8JJpOJJqS2JOqhLNRjgaR8dqk0A2YIlL0w9acQgSLvAIFzoviJ\nTbjmJIDebLMNp2XMS9G6D8b4R3t7HoDqLxAkCECkwxpL5AiZpIxdoas=\n-----END RSA PRIVATE KEY-----\n"
            },
            "metadata_fingerprint": "tiLd6FnW1rs=",
            "metadata_startup_script": "",
            "min_cpu_platform": "",
            "name": "reddit-db",
            "network_interface": [
              {
                "access_config": [
                  {
                    "assigned_nat_ip": "",
                    "nat_ip": "35.184.13.179",
                    "network_tier": "PREMIUM",
                    "public_ptr_domain_name": ""
                  }
                ],
                "address": "",
                "alias_ip_range": [],
                "name": "nic0",
                "network": "https://www.googleapis.com/compute/v1/projects/infra-243408/global/networks/default",
                "network_ip": "10.128.0.45",
                "subnetwork": "https://www.googleapis.com/compute/v1/projects/infra-243408/regions/us-central1/subnetworks/default",
                "subnetwork_project": "infra-243408"
              }
            ],
            "project": "infra-243408",
            "scheduling": [
              {
                "automatic_restart": true,
                "node_affinities": [],
                "on_host_maintenance": "MIGRATE",
                "preemptible": false
              }
            ],
            "scratch_disk": [],
            "self_link": "https://www.googleapis.com/compute/v1/projects/infra-243408/zones/us-central1-a/instances/reddit-db",
            "service_account": [],
            "shielded_instance_config": [],
            "tags": [
              "reddit-db"
            ],
            "tags_fingerprint": "NQyRUqL7UTU=",
            "timeouts": null,
            "zone": "us-central1-a"
          }
        }
      ]
    }
  ]
}
